<?xml version="1.0" encoding="utf-8"?>
<Project ToolsVersion="4.0" xmlns="http://schemas.microsoft.com/developer/msbuild/2003">
  <ItemGroup>
    <Filter Include="Source Files">
      <UniqueIdentifier>{4FC737F1-C7A5-4376-A066-2A32D752A2FF}</UniqueIdentifier>
      <Extensions>cpp;c;cc;cxx;def;odl;idl;hpj;bat;asm;asmx</Extensions>
    </Filter>
    <Filter Include="config">
      <UniqueIdentifier>{a5f58f66-c286-43c5-a5cc-6fa15a1482d5}</UniqueIdentifier>
    </Filter>
    <Filter Include="threaditiftest">
      <UniqueIdentifier>{d072a4c5-88c9-4480-90a8-e5859d513c79}</UniqueIdentifier>
    </Filter>
  </ItemGroup>
  <ItemGroup>
    <ClCompile Include="src\TestActive.cpp">
      <Filter>Source Files</Filter>
    </ClCompile>
    <ClCompile Include="src\TestDataBuffer.cpp">
      <Filter>Source Files</Filter>
    </ClCompile>
    <ClCompile Include="src\testmtqueue.cpp">
      <Filter>Source Files</Filter>
    </ClCompile>
    <ClCompile Include="src\TestObserverPattern.cpp">
      <Filter>Source Files</Filter>
    </ClCompile>
    <ClCompile Include="src\TestProtectedQueue.cpp">
      <Filter>Source Files</Filter>
    </ClCompile>
    <ClCompile Include="src\TestSingleton.cpp">
      <Filter>Source Files</Filter>
    </ClCompile>
    <ClCompile Include="src\TestThreadIt.cpp">
      <Filter>Source Files</Filter>
    </ClCompile>
    <ClCompile Include="src\TestThreadItObserver.cpp">
      <Filter>Source Files</Filter>
    </ClCompile>
    <ClCompile Include="src\TestThreadItWorkTargets.cpp">
      <Filter>Source Files</Filter>
    </ClCompile>
    <ClCompile Include="src\TestTimeIt.cpp">
      <Filter>Source Files</Filter>
    </ClCompile>
    <ClCompile Include="src\threaditiftest\CIComponentA.cpp">
      <Filter>threaditiftest</Filter>
    </ClCompile>
    <ClCompile Include="src\threaditiftest\CIComponentB.cpp">
      <Filter>threaditiftest</Filter>
    </ClCompile>
    <ClCompile Include="src\threaditiftest\ComponentAImpl.cpp">
      <Filter>threaditiftest</Filter>
    </ClCompile>
    <ClCompile Include="src\threaditiftest\ComponentBImpl.cpp">
      <Filter>threaditiftest</Filter>
    </ClCompile>
    <ClCompile Include="src\threaditiftest\stdafx.cpp">
      <Filter>threaditiftest</Filter>
    </ClCompile>
    <ClCompile Include="src\threaditiftest\ThreadItInterfaceTest.cpp">
      <Filter>threaditiftest</Filter>
    </ClCompile>
  </ItemGroup>
  <ItemGroup>
    <ClInclude Include="src\uintdataitem.h">
      <Filter>Source Files</Filter>
    </ClInclude>
    <ClInclude Include="src\threaditiftest\CIComponentA.h">
      <Filter>threaditiftest</Filter>
    </ClInclude>
    <ClInclude Include="src\threaditiftest\CIComponentB.h">
      <Filter>threaditiftest</Filter>
    </ClInclude>
    <ClInclude Include="src\threaditiftest\ComponentAImpl.h">
      <Filter>threaditiftest</Filter>
    </ClInclude>
    <ClInclude Include="src\threaditiftest\ComponentBImpl.h">
      <Filter>threaditiftest</Filter>
    </ClInclude>
    <ClInclude Include="src\threaditiftest\stdafx.h">
      <Filter>threaditiftest</Filter>
    </ClInclude>
    <ClInclude Include="src\threaditiftest\targetver.h">
      <Filter>threaditiftest</Filter>
    </ClInclude>
  </ItemGroup>
  <ItemGroup>
    <None Include="config\threadittest.cfg">
      <Filter>config</Filter>
    </None>
    <None Include="config\threadittest_log4cpp.properties">
      <Filter>config</Filter>
    </None>
  </ItemGroup>
</Project>